
Microsoft Visual Studio Solution File, Format Version 12.00
Project("{FAE04EC0-301F-11D3-BF4B-00C04F79EFBC}") = "MovieHub.Engine.Api", "MovieHub.Engine.Api\MovieHub.Engine.Api.csproj", "{9CC58B19-8C7C-4251-8D65-E00BA8701652}"
EndProject
Project("{FAE04EC0-301F-11D3-BF4B-00C04F79EFBC}") = "MovieHub.Engine.Domain", "MovieHub.Engine.Domain\MovieHub.Engine.Domain.csproj", "{DCF92643-85E4-4642-A0F6-3C0386F96F9B}"
EndProject
Project("{FAE04EC0-301F-11D3-BF4B-00C04F79EFBC}") = "MovieHub.Engine.Domain.DependencyInjection", "MovieHub.Engine.Domain.DependencyInjection\MovieHub.Engine.Domain.DependencyInjection.csproj", "{D77B26BA-0A20-4416-92A9-2CE08E34C7D1}"
EndProject
Project("{2150E333-8FDC-42A3-9474-1A3956D46DE8}") = "MovieHub.Engine", "MovieHub.Engine", "{0A81A912-A30D-499C-A45E-EE24011EFC7C}"
EndProject
Project("{FAE04EC0-301F-11D3-BF4B-00C04F79EFBC}") = "MovieHub.Engine.Storage", "MovieHub.Engine.Storage\MovieHub.Engine.Storage.csproj", "{ACF1B481-187E-4B6E-9BB2-2118F3A8D9F8}"
EndProject
Project("{FAE04EC0-301F-11D3-BF4B-00C04F79EFBC}") = "MovieHub.Engine.Storage.DependencyInjection", "MovieHub.Engine.Storage.DependencyInjection\MovieHub.Engine.Storage.DependencyInjection.csproj", "{E61433C9-C0D1-4BF4-A79B-196597574E6D}"
EndProject
Project("{2150E333-8FDC-42A3-9474-1A3956D46DE8}") = "MovieHub.UserSync", "MovieHub.UserSync", "{96FDF4B9-4530-478D-91D4-17B1BCFFDE76}"
EndProject
Project("{FAE04EC0-301F-11D3-BF4B-00C04F79EFBC}") = "MovieHub.UserSync.KeycloakConsumer", "MovieHub.UserSync.KeycloakConsumer\MovieHub.UserSync.KeycloakConsumer.csproj", "{A0C041D0-5D80-4EA1-B116-BB01DDFE1400}"
EndProject
Project("{FAE04EC0-301F-11D3-BF4B-00C04F79EFBC}") = "MovieHub.Engine.Storage.Tests", "MovieHub.Engine.Storage.Tests\MovieHub.Engine.Storage.Tests.csproj", "{87EAF5AD-9D2F-45A6-AB99-94C31A1D788B}"
EndProject
Project("{FAE04EC0-301F-11D3-BF4B-00C04F79EFBC}") = "MovieHub.Engine.Domain.Tests", "MovieHub.Engine.Domain.Tests\MovieHub.Engine.Domain.Tests.csproj", "{D71E080A-30C3-431F-8C72-F24CBB9F4C9F}"
EndProject
Project("{FAE04EC0-301F-11D3-BF4B-00C04F79EFBC}") = "MovieHub.Host", "MovieHub.Host\MovieHub.Host.csproj", "{7A716F7A-2872-4481-80F6-33A3C701C7C8}"
EndProject
Global
	GlobalSection(SolutionConfigurationPlatforms) = preSolution
		Debug|Any CPU = Debug|Any CPU
		Release|Any CPU = Release|Any CPU
	EndGlobalSection
	GlobalSection(ProjectConfigurationPlatforms) = postSolution
		{9CC58B19-8C7C-4251-8D65-E00BA8701652}.Debug|Any CPU.ActiveCfg = Debug|Any CPU
		{9CC58B19-8C7C-4251-8D65-E00BA8701652}.Debug|Any CPU.Build.0 = Debug|Any CPU
		{9CC58B19-8C7C-4251-8D65-E00BA8701652}.Release|Any CPU.ActiveCfg = Release|Any CPU
		{9CC58B19-8C7C-4251-8D65-E00BA8701652}.Release|Any CPU.Build.0 = Release|Any CPU
		{DCF92643-85E4-4642-A0F6-3C0386F96F9B}.Debug|Any CPU.ActiveCfg = Debug|Any CPU
		{DCF92643-85E4-4642-A0F6-3C0386F96F9B}.Debug|Any CPU.Build.0 = Debug|Any CPU
		{DCF92643-85E4-4642-A0F6-3C0386F96F9B}.Release|Any CPU.ActiveCfg = Release|Any CPU
		{DCF92643-85E4-4642-A0F6-3C0386F96F9B}.Release|Any CPU.Build.0 = Release|Any CPU
		{D77B26BA-0A20-4416-92A9-2CE08E34C7D1}.Debug|Any CPU.ActiveCfg = Debug|Any CPU
		{D77B26BA-0A20-4416-92A9-2CE08E34C7D1}.Debug|Any CPU.Build.0 = Debug|Any CPU
		{D77B26BA-0A20-4416-92A9-2CE08E34C7D1}.Release|Any CPU.ActiveCfg = Release|Any CPU
		{D77B26BA-0A20-4416-92A9-2CE08E34C7D1}.Release|Any CPU.Build.0 = Release|Any CPU
		{ACF1B481-187E-4B6E-9BB2-2118F3A8D9F8}.Debug|Any CPU.ActiveCfg = Debug|Any CPU
		{ACF1B481-187E-4B6E-9BB2-2118F3A8D9F8}.Debug|Any CPU.Build.0 = Debug|Any CPU
		{ACF1B481-187E-4B6E-9BB2-2118F3A8D9F8}.Release|Any CPU.ActiveCfg = Release|Any CPU
		{ACF1B481-187E-4B6E-9BB2-2118F3A8D9F8}.Release|Any CPU.Build.0 = Release|Any CPU
		{E61433C9-C0D1-4BF4-A79B-196597574E6D}.Debug|Any CPU.ActiveCfg = Debug|Any CPU
		{E61433C9-C0D1-4BF4-A79B-196597574E6D}.Debug|Any CPU.Build.0 = Debug|Any CPU
		{E61433C9-C0D1-4BF4-A79B-196597574E6D}.Release|Any CPU.ActiveCfg = Release|Any CPU
		{E61433C9-C0D1-4BF4-A79B-196597574E6D}.Release|Any CPU.Build.0 = Release|Any CPU
		{A0C041D0-5D80-4EA1-B116-BB01DDFE1400}.Debug|Any CPU.ActiveCfg = Debug|Any CPU
		{A0C041D0-5D80-4EA1-B116-BB01DDFE1400}.Debug|Any CPU.Build.0 = Debug|Any CPU
		{A0C041D0-5D80-4EA1-B116-BB01DDFE1400}.Release|Any CPU.ActiveCfg = Release|Any CPU
		{A0C041D0-5D80-4EA1-B116-BB01DDFE1400}.Release|Any CPU.Build.0 = Release|Any CPU
		{87EAF5AD-9D2F-45A6-AB99-94C31A1D788B}.Debug|Any CPU.ActiveCfg = Debug|Any CPU
		{87EAF5AD-9D2F-45A6-AB99-94C31A1D788B}.Debug|Any CPU.Build.0 = Debug|Any CPU
		{87EAF5AD-9D2F-45A6-AB99-94C31A1D788B}.Release|Any CPU.ActiveCfg = Release|Any CPU
		{87EAF5AD-9D2F-45A6-AB99-94C31A1D788B}.Release|Any CPU.Build.0 = Release|Any CPU
		{D71E080A-30C3-431F-8C72-F24CBB9F4C9F}.Debug|Any CPU.ActiveCfg = Debug|Any CPU
		{D71E080A-30C3-431F-8C72-F24CBB9F4C9F}.Debug|Any CPU.Build.0 = Debug|Any CPU
		{D71E080A-30C3-431F-8C72-F24CBB9F4C9F}.Release|Any CPU.ActiveCfg = Release|Any CPU
		{D71E080A-30C3-431F-8C72-F24CBB9F4C9F}.Release|Any CPU.Build.0 = Release|Any CPU
		{7A716F7A-2872-4481-80F6-33A3C701C7C8}.Debug|Any CPU.ActiveCfg = Debug|Any CPU
		{7A716F7A-2872-4481-80F6-33A3C701C7C8}.Debug|Any CPU.Build.0 = Debug|Any CPU
		{7A716F7A-2872-4481-80F6-33A3C701C7C8}.Release|Any CPU.ActiveCfg = Release|Any CPU
		{7A716F7A-2872-4481-80F6-33A3C701C7C8}.Release|Any CPU.Build.0 = Release|Any CPU
	EndGlobalSection
	GlobalSection(NestedProjects) = preSolution
		{9CC58B19-8C7C-4251-8D65-E00BA8701652} = {0A81A912-A30D-499C-A45E-EE24011EFC7C}
		{DCF92643-85E4-4642-A0F6-3C0386F96F9B} = {0A81A912-A30D-499C-A45E-EE24011EFC7C}
		{D77B26BA-0A20-4416-92A9-2CE08E34C7D1} = {0A81A912-A30D-499C-A45E-EE24011EFC7C}
		{ACF1B481-187E-4B6E-9BB2-2118F3A8D9F8} = {0A81A912-A30D-499C-A45E-EE24011EFC7C}
		{E61433C9-C0D1-4BF4-A79B-196597574E6D} = {0A81A912-A30D-499C-A45E-EE24011EFC7C}
		{A0C041D0-5D80-4EA1-B116-BB01DDFE1400} = {96FDF4B9-4530-478D-91D4-17B1BCFFDE76}
		{87EAF5AD-9D2F-45A6-AB99-94C31A1D788B} = {0A81A912-A30D-499C-A45E-EE24011EFC7C}
		{D71E080A-30C3-431F-8C72-F24CBB9F4C9F} = {0A81A912-A30D-499C-A45E-EE24011EFC7C}
	EndGlobalSection
EndGlobal
