
Microsoft Visual Studio Solution File, Format Version 12.00
Project("{FAE04EC0-301F-11D3-BF4B-00C04F79EFBC}") = "SynchronizationUsersKeycloak.Api", "SynchronizationUsersKeycloak.Api\SynchronizationUsersKeycloak.Api.csproj", "{9CC58B19-8C7C-4251-8D65-E00BA8701652}"
EndProject
Global
	GlobalSection(SolutionConfigurationPlatforms) = preSolution
		Debug|Any CPU = Debug|Any CPU
		Release|Any CPU = Release|Any CPU
	EndGlobalSection
	GlobalSection(ProjectConfigurationPlatforms) = postSolution
		{9CC58B19-8C7C-4251-8D65-E00BA8701652}.Debug|Any CPU.ActiveCfg = Debug|Any CPU
		{9CC58B19-8C7C-4251-8D65-E00BA8701652}.Debug|Any CPU.Build.0 = Debug|Any CPU
		{9CC58B19-8C7C-4251-8D65-E00BA8701652}.Release|Any CPU.ActiveCfg = Release|Any CPU
		{9CC58B19-8C7C-4251-8D65-E00BA8701652}.Release|Any CPU.Build.0 = Release|Any CPU
	EndGlobalSection
EndGlobal
